# This file is automatically @generated by rv.
# It is not intended for manual editing.
version = 2
r_version = "4.6"

[[packages]]
name = "MASS"
version = "7.3-65"
source = { builtin = true }
force_source = false
dependencies = []

[[packages]]
name = "Matrix"
version = "1.7-5"
source = { builtin = true }
force_source = false
dependencies = [
    "lattice",
]

[[packages]]
name = "MatrixModels"
version = "0.5-4"
source = { repository = "https://packagemanager.posit.co/cran/latest" }
force_source = false
dependencies = [
    { name = "Matrix", requirement = "(>= 1.6-0)" },
    { name = "Matrix", requirement = "(< 1.8-0)" },
]

[[packages]]
name = "R6"
version = "2.6.1"
source = { repository = "https://packagemanager.posit.co/cran/latest" }
force_source = false
dependencies = []

[[packages]]
name = "RColorBrewer"
version = "1.1-3"
source = { repository = "https://packagemanager.posit.co/cran/latest" }
force_source = false
dependencies = []

[[packages]]
name = "Rcpp"
version = "1.1.2"
source = { repository = "https://packagemanager.posit.co/cran/latest" }
force_source = false
dependencies = []

[[packages]]
name = "RcppArmadillo"
version = "15.6.0-1"
source = { repository = "https://packagemanager.posit.co/cran/latest" }
force_source = false
dependencies = [
    { name = "Rcpp", requirement = "(>= 1.1.1)" },
]

[[packages]]
name = "S7"
version = "0.2.2"
source = { repository = "https://packagemanager.posit.co/cran/latest" }
force_source = false
dependencies = []

[[packages]]
name = "SparseM"
version = "1.84-2"
source = { repository = "https://packagemanager.posit.co/cran/latest" }
force_source = false
dependencies = []

[[packages]]
name = "askpass"
version = "1.2.1"
source = { repository = "https://packagemanager.posit.co/cran/latest" }
force_source = false
dependencies = [
    { name = "sys", requirement = "(>= 2.1)" },
]

[[packages]]
name = "base64enc"
version = "0.1-6"
source = { repository = "https://packagemanager.posit.co/cran/latest" }
force_source = false
dependencies = []

[[packages]]
name = "brew"
version = "1.0-10"
source = { repository = "https://packagemanager.posit.co/cran/latest" }
force_source = false
dependencies = []

[[packages]]
name = "brio"
version = "1.1.5"
source = { repository = "https://packagemanager.posit.co/cran/latest" }
force_source = false
dependencies = []

[[packages]]
name = "bslib"
version = "0.12.0"
source = { repository = "https://packagemanager.posit.co/cran/latest" }
force_source = false
dependencies = [
    "base64enc",
    "cachem",
    { name = "fastmap", requirement = "(>= 1.1.1)" },
    { name = "htmltools", requirement = "(>= 0.5.8)" },
    { name = "jquerylib", requirement = "(>= 0.1.3)" },
    "jsonlite",
    "lifecycle",
    { name = "memoise", requirement = "(>= 2.0.1)" },
    "mime",
    "rlang",
    { name = "sass", requirement = "(>= 0.4.9)" },
]

[[packages]]
name = "cachem"
version = "1.1.0"
source = { repository = "https://packagemanager.posit.co/cran/latest" }
force_source = false
dependencies = [
    "rlang",
    { name = "fastmap", requirement = "(>= 1.2.0)" },
]

[[packages]]
name = "callr"
version = "3.8.0"
source = { repository = "https://packagemanager.posit.co/cran/latest" }
force_source = false
dependencies = [
    { name = "otel", requirement = "(>= 0.2.0)" },
    { name = "processx", requirement = "(>= 3.6.1)" },
    "R6",
]

[[packages]]
name = "cli"
version = "3.6.6"
source = { repository = "https://packagemanager.posit.co/cran/latest" }
force_source = false
dependencies = []

[[packages]]
name = "clipr"
version = "0.8.1"
source = { repository = "https://packagemanager.posit.co/cran/latest" }
force_source = false
dependencies = []

[[packages]]
name = "codetools"
version = "0.2-20"
source = { builtin = true }
force_source = false
dependencies = []

[[packages]]
name = "commonmark"
version = "2.0.0"
source = { repository = "https://packagemanager.posit.co/cran/latest" }
force_source = false
dependencies = []

[[packages]]
name = "covr"
version = "3.6.5"
source = { repository = "https://packagemanager.posit.co/cran/latest" }
force_source = false
dependencies = [
    "digest",
    "jsonlite",
    "rex",
    "httr",
    "cli",
    { name = "withr", requirement = "(>= 1.0.2)" },
    "yaml",
]

[[packages]]
name = "cpp11"
version = "0.5.5"
source = { repository = "https://packagemanager.posit.co/cran/latest" }
force_source = false
dependencies = []

[[packages]]
name = "crayon"
version = "1.5.3"
source = { repository = "https://packagemanager.posit.co/cran/latest" }
force_source = false
dependencies = []

[[packages]]
name = "credentials"
version = "2.0.3"
source = { repository = "https://packagemanager.posit.co/cran/latest" }
force_source = false
dependencies = [
    { name = "openssl", requirement = "(>= 1.3)" },
    { name = "sys", requirement = "(>= 2.1)" },
    "curl",
    "jsonlite",
    "askpass",
]

[[packages]]
name = "curl"
version = "8.0.0"
source = { repository = "https://packagemanager.posit.co/cran/latest" }
force_source = false
dependencies = []

[[packages]]
name = "desc"
version = "1.4.3"
source = { repository = "https://packagemanager.posit.co/cran/latest" }
force_source = false
dependencies = [
    "cli",
    "R6",
]

[[packages]]
name = "devtools"
version = "2.5.2"
source = { repository = "https://packagemanager.posit.co/cran/latest" }
force_source = false
dependencies = [
    { name = "usethis", requirement = "(>= 3.2.1)" },
    { name = "cli", requirement = "(>= 3.6.6)" },
    { name = "desc", requirement = "(>= 1.4.3)" },
    { name = "ellipsis", requirement = "(>= 0.3.3)" },
    { name = "fs", requirement = "(>= 2.1.0)" },
    { name = "lifecycle", requirement = "(>= 1.0.5)" },
    { name = "memoise", requirement = "(>= 2.0.1)" },
    { name = "miniUI", requirement = "(>= 0.1.2)" },
    { name = "pak", requirement = "(>= 0.9.5)" },
    { name = "pkgbuild", requirement = "(>= 1.4.8)" },
    { name = "pkgdown", requirement = "(>= 2.2.0)" },
    { name = "pkgload", requirement = "(>= 1.5.2)" },
    { name = "profvis", requirement = "(>= 0.4.0)" },
    { name = "rcmdcheck", requirement = "(>= 1.4.0)" },
    { name = "rlang", requirement = "(>= 1.2.0)" },
    { name = "roxygen2", requirement = "(>= 7.3.3)" },
    { name = "rversions", requirement = "(>= 3.0.0)" },
    { name = "sessioninfo", requirement = "(>= 1.2.3)" },
    { name = "testthat", requirement = "(>= 3.3.2)" },
    { name = "urlchecker", requirement = "(>= 1.0.1)" },
    { name = "withr", requirement = "(>= 3.0.2)" },
]

[[packages]]
name = "diffobj"
version = "0.3.9"
source = { repository = "https://packagemanager.posit.co/cran/latest" }
force_source = false
dependencies = [
    { name = "crayon", requirement = "(>= 1.3.2)" },
]

[[packages]]
name = "digest"
version = "0.6.39"
source = { repository = "https://packagemanager.posit.co/cran/latest" }
force_source = false
dependencies = []

[[packages]]
name = "doFuture"
version = "1.4.0"
source = { repository = "https://packagemanager.posit.co/cran/latest" }
force_source = false
dependencies = [
    { name = "foreach", requirement = "(>= 1.5.0)" },
    { name = "future", requirement = "(>= 1.49.0)" },
    "future.apply",
    "globals",
    "iterators",
]

[[packages]]
name = "downlit"
version = "0.4.5"
source = { repository = "https://packagemanager.posit.co/cran/latest" }
force_source = false
dependencies = [
    "brio",
    "desc",
    "digest",
    "evaluate",
    "fansi",
    "memoise",
    "rlang",
    "vctrs",
    "withr",
    "yaml",
]

[[packages]]
name = "dplyr"
version = "1.2.1"
source = { repository = "https://packagemanager.posit.co/cran/latest" }
force_source = false
dependencies = [
    { name = "cli", requirement = "(>= 3.6.2)" },
    "generics",
    { name = "glue", requirement = "(>= 1.3.2)" },
    { name = "lifecycle", requirement = "(>= 1.0.5)" },
    { name = "magrittr", requirement = "(>= 1.5)" },
    { name = "pillar", requirement = "(>= 1.9.0)" },
    "R6",
    { name = "rlang", requirement = "(>= 1.1.7)" },
    { name = "tibble", requirement = "(>= 3.2.0)" },
    { name = "tidyselect", requirement = "(>= 1.2.0)" },
    { name = "vctrs", requirement = "(>= 0.7.1)" },
]

[[packages]]
name = "ellipsis"
version = "0.3.3"
source = { repository = "https://packagemanager.posit.co/cran/latest" }
force_source = false
dependencies = [
    { name = "rlang", requirement = "(>= 1.1.7)" },
]

[[packages]]
name = "evaluate"
version = "1.0.5"
source = { repository = "https://packagemanager.posit.co/cran/latest" }
force_source = false
dependencies = []

[[packages]]
name = "exuber"
version = "2.0.0"
source = { path = "." }
force_source = true
dependencies = [
    { name = "cli", requirement = "(>= 1.1.0)" },
    { name = "doFuture", requirement = "(>= 1.0.0)" },
    { name = "dplyr", requirement = "(>= 1.1.1)" },
    { name = "foreach", requirement = "(>= 1.4.4)" },
    { name = "future", requirement = "(>= 1.33.0)" },
    { name = "generics", requirement = "(>= 0.0.2)" },
    { name = "ggplot2", requirement = "(>= 3.4.0)" },
    { name = "glue", requirement = "(>= 1.3.1)" },
    "lifecycle",
    { name = "lubridate", requirement = "(>= 1.7.4)" },
    { name = "progressr", requirement = "(>= 0.14.0)" },
    { name = "purrr", requirement = "(>= 0.3.2)" },
    { name = "quantreg", requirement = "(>= 5.9)" },
    { name = "Rcpp", requirement = "(>= 0.12.17)" },
    { name = "rlang", requirement = "(>= 0.3.4)" },
    { name = "tibble", requirement = "(>= 3.0.2)" },
    { name = "tidyr", requirement = "(>= 0.8.3)" },
    { name = "RcppArmadillo", requirement = "(>= 0.9.400.2.0)" },
]
suggests = [
    "curl",
    { name = "magrittr", requirement = "(>= 1.5)" },
    "pkgload",
    { name = "forcats", requirement = "(>= 0.5.0)" },
    { name = "gridExtra", requirement = "(>= 2.3)" },
    { name = "knitr", requirement = "(>= 1.22)" },
    { name = "rmarkdown", requirement = "(>= 1.12)" },
    { name = "spelling", requirement = "(>= 2.1)" },
    { name = "stringr", requirement = "(>= 1.4.0)" },
    { name = "testthat", requirement = "(>= 2.1.1)" },
    { name = "withr", requirement = "(>= 2.1.2)" },
]

[[packages]]
name = "fansi"
version = "1.0.7"
source = { repository = "https://packagemanager.posit.co/cran/latest" }
force_source = false
dependencies = []

[[packages]]
name = "farver"
version = "2.1.2"
source = { repository = "https://packagemanager.posit.co/cran/latest" }
force_source = false
dependencies = []

[[packages]]
name = "fastmap"
version = "1.2.0"
source = { repository = "https://packagemanager.posit.co/cran/latest" }
force_source = false
dependencies = []

[[packages]]
name = "fontawesome"
version = "0.5.3"
source = { repository = "https://packagemanager.posit.co/cran/latest" }
force_source = false
dependencies = [
    { name = "rlang", requirement = "(>= 1.0.6)" },
    { name = "htmltools", requirement = "(>= 0.5.1.1)" },
]

[[packages]]
name = "forcats"
version = "1.0.1"
source = { repository = "https://packagemanager.posit.co/cran/latest" }
force_source = false
dependencies = [
    { name = "cli", requirement = "(>= 3.4.0)" },
    "glue",
    "lifecycle",
    "magrittr",
    { name = "rlang", requirement = "(>= 1.0.0)" },
    "tibble",
]

[[packages]]
name = "foreach"
version = "1.5.2"
source = { repository = "https://packagemanager.posit.co/cran/latest" }
force_source = false
dependencies = [
    "codetools",
    "iterators",
]

[[packages]]
name = "fs"
version = "2.1.0"
source = { repository = "https://packagemanager.posit.co/cran/latest" }
force_source = false
dependencies = []

[[packages]]
name = "future"
version = "1.76.0"
source = { repository = "https://packagemanager.posit.co/cran/latest" }
force_source = false
dependencies = [
    "digest",
    { name = "globals", requirement = "(>= 0.18.0)" },
    { name = "listenv", requirement = "(>= 0.8.0)" },
    { name = "parallelly", requirement = "(>= 1.44.0)" },
]

[[packages]]
name = "future.apply"
version = "1.20.2"
source = { repository = "https://packagemanager.posit.co/cran/latest" }
force_source = false
dependencies = [
    { name = "future", requirement = "(>= 1.49.0)" },
    "globals",
]

[[packages]]
name = "generics"
version = "0.1.4"
source = { repository = "https://packagemanager.posit.co/cran/latest" }
force_source = false
dependencies = []

[[packages]]
name = "gert"
version = "2.4.1"
source = { repository = "https://packagemanager.posit.co/cran/latest" }
force_source = false
dependencies = [
    "askpass",
    { name = "credentials", requirement = "(>= 1.2.1)" },
    { name = "openssl", requirement = "(>= 2.0.3)" },
    { name = "rstudioapi", requirement = "(>= 0.11)" },
    "sys",
    { name = "zip", requirement = "(>= 2.1.0)" },
]

[[packages]]
name = "ggplot2"
version = "4.0.3"
source = { repository = "https://packagemanager.posit.co/cran/latest" }
force_source = false
dependencies = [
    "cli",
    { name = "gtable", requirement = "(>= 0.3.6)" },
    "isoband",
    { name = "lifecycle", requirement = "(> 1.0.1)" },
    { name = "rlang", requirement = "(>= 1.1.0)" },
    "S7",
    { name = "scales", requirement = "(>= 1.4.0)" },
    { name = "vctrs", requirement = "(>= 0.6.0)" },
    { name = "withr", requirement = "(>= 2.5.0)" },
]

[[packages]]
name = "gh"
version = "1.6.1"
source = { repository = "https://packagemanager.posit.co/cran/latest" }
force_source = false
dependencies = [
    { name = "cli", requirement = "(>= 3.0.1)" },
    "gitcreds",
    "glue",
    { name = "httr2", requirement = "(>= 1.0.6)" },
    "ini",
    "jsonlite",
    "lifecycle",
    { name = "rlang", requirement = "(>= 1.1.0)" },
]

[[packages]]
name = "gitcreds"
version = "0.1.2"
source = { repository = "https://packagemanager.posit.co/cran/latest" }
force_source = false
dependencies = []

[[packages]]
name = "globals"
version = "0.19.1"
source = { repository = "https://packagemanager.posit.co/cran/latest" }
force_source = false
dependencies = [
    "codetools",
]

[[packages]]
name = "glue"
version = "1.8.1"
source = { repository = "https://packagemanager.posit.co/cran/latest" }
force_source = false
dependencies = []

[[packages]]
name = "gridExtra"
version = "2.3.1"
source = { repository = "https://packagemanager.posit.co/cran/latest" }
force_source = false
dependencies = [
    "gtable",
]

[[packages]]
name = "gtable"
version = "0.3.6"
source = { repository = "https://packagemanager.posit.co/cran/latest" }
force_source = false
dependencies = [
    "cli",
    "glue",
    "lifecycle",
    { name = "rlang", requirement = "(>= 1.1.0)" },
]

[[packages]]
name = "highr"
version = "0.12"
source = { repository = "https://packagemanager.posit.co/cran/latest" }
force_source = false
dependencies = [
    { name = "xfun", requirement = "(>= 0.18)" },
]

[[packages]]
name = "htmltools"
version = "0.5.9"
source = { repository = "https://packagemanager.posit.co/cran/latest" }
force_source = false
dependencies = [
    "base64enc",
    "digest",
    { name = "fastmap", requirement = "(>= 1.1.0)" },
    { name = "rlang", requirement = "(>= 1.0.0)" },
]

[[packages]]
name = "htmlwidgets"
version = "1.6.4"
source = { repository = "https://packagemanager.posit.co/cran/latest" }
force_source = false
dependencies = [
    { name = "htmltools", requirement = "(>= 0.5.7)" },
    { name = "jsonlite", requirement = "(>= 0.9.16)" },
    { name = "knitr", requirement = "(>= 1.8)" },
    "rmarkdown",
    "yaml",
]

[[packages]]
name = "httpuv"
version = "1.6.17"
source = { repository = "https://packagemanager.posit.co/cran/latest" }
force_source = false
dependencies = [
    { name = "later", requirement = "(>= 0.8.0)" },
    "promises",
    "R6",
    { name = "Rcpp", requirement = "(>= 1.0.7)" },
]

[[packages]]
name = "httr"
version = "1.4.9"
source = { repository = "https://packagemanager.posit.co/cran/latest" }
force_source = false
dependencies = [
    { name = "curl", requirement = "(>= 5.1.0)" },
    "jsonlite",
    "mime",
    { name = "openssl", requirement = "(>= 0.8)" },
    "R6",
]

[[packages]]
name = "httr2"
version = "1.3.0"
source = { repository = "https://packagemanager.posit.co/cran/latest" }
force_source = false
dependencies = [
    { name = "cli", requirement = "(>= 3.0.0)" },
    { name = "curl", requirement = "(>= 6.4.0)" },
    "glue",
    "lifecycle",
    "magrittr",
    "openssl",
    "R6",
    { name = "rlang", requirement = "(>= 1.3.0)" },
    { name = "vctrs", requirement = "(>= 0.6.3)" },
    "withr",
]

[[packages]]
name = "hunspell"
version = "3.0.6"
source = { repository = "https://packagemanager.posit.co/cran/latest" }
force_source = false
dependencies = [
    "Rcpp",
    "digest",
]

[[packages]]
name = "ini"
version = "0.3.1"
source = { repository = "https://packagemanager.posit.co/cran/latest" }
force_source = false
dependencies = []

[[packages]]
name = "isoband"
version = "0.3.0"
source = { repository = "https://packagemanager.posit.co/cran/latest" }
force_source = false
dependencies = [
    "cli",
    "rlang",
    "cpp11",
]

[[packages]]
name = "iterators"
version = "1.0.14"
source = { repository = "https://packagemanager.posit.co/cran/latest" }
force_source = false
dependencies = []

[[packages]]
name = "jquerylib"
version = "0.1.4"
source = { repository = "https://packagemanager.posit.co/cran/latest" }
force_source = false
dependencies = [
    "htmltools",
]

[[packages]]
name = "jsonlite"
version = "2.0.0"
source = { repository = "https://packagemanager.posit.co/cran/latest" }
force_source = false
dependencies = []

[[packages]]
name = "knitr"
version = "1.52"
source = { repository = "https://packagemanager.posit.co/cran/latest" }
force_source = false
dependencies = [
    { name = "evaluate", requirement = "(>= 0.15)" },
    { name = "highr", requirement = "(>= 0.11)" },
    { name = "xfun", requirement = "(>= 0.52)" },
    { name = "yaml", requirement = "(>= 2.1.19)" },
]

[[packages]]
name = "labeling"
version = "0.4.3"
source = { repository = "https://packagemanager.posit.co/cran/latest" }
force_source = false
dependencies = []

[[packages]]
name = "later"
version = "1.4.8"
source = { repository = "https://packagemanager.posit.co/cran/latest" }
force_source = false
dependencies = [
    { name = "Rcpp", requirement = "(>= 1.0.10)" },
    "rlang",
]

[[packages]]
name = "lattice"
version = "0.22-9"
source = { builtin = true }
force_source = false
dependencies = []

[[packages]]
name = "lifecycle"
version = "1.0.5"
source = { repository = "https://packagemanager.posit.co/cran/latest" }
force_source = false
dependencies = [
    { name = "cli", requirement = "(>= 3.4.0)" },
    { name = "rlang", requirement = "(>= 1.1.0)" },
]

[[packages]]
name = "listenv"
version = "1.1.0"
source = { repository = "https://packagemanager.posit.co/cran/latest" }
force_source = false
dependencies = []

[[packages]]
name = "lubridate"
version = "1.9.5"
source = { repository = "https://packagemanager.posit.co/cran/latest" }
force_source = false
dependencies = [
    "generics",
    { name = "timechange", requirement = "(>= 0.4.0)" },
]

[[packages]]
name = "magrittr"
version = "2.0.5"
source = { repository = "https://packagemanager.posit.co/cran/latest" }
force_source = false
dependencies = []

[[packages]]
name = "memoise"
version = "2.0.1"
source = { repository = "https://packagemanager.posit.co/cran/latest" }
force_source = false
dependencies = [
    { name = "rlang", requirement = "(>= 0.4.10)" },
    "cachem",
]

[[packages]]
name = "mime"
version = "0.13"
source = { repository = "https://packagemanager.posit.co/cran/latest" }
force_source = false
dependencies = []

[[packages]]
name = "miniUI"
version = "0.1.2"
source = { repository = "https://packagemanager.posit.co/cran/latest" }
force_source = false
dependencies = [
    { name = "shiny", requirement = "(>= 0.13)" },
    { name = "htmltools", requirement = "(>= 0.3)" },
]

[[packages]]
name = "openssl"
version = "2.4.2"
source = { repository = "https://packagemanager.posit.co/cran/latest" }
force_source = false
dependencies = [
    "askpass",
]

[[packages]]
name = "otel"
version = "0.2.0"
source = { repository = "https://packagemanager.posit.co/cran/latest" }
force_source = false
dependencies = []

[[packages]]
name = "pak"
version = "0.11.1"
source = { repository = "https://packagemanager.posit.co/cran/latest" }
force_source = false
dependencies = []

[[packages]]
name = "parallelly"
version = "1.48.0"
source = { repository = "https://packagemanager.posit.co/cran/latest" }
force_source = false
dependencies = []

[[packages]]
name = "pillar"
version = "1.11.1"
source = { repository = "https://packagemanager.posit.co/cran/latest" }
force_source = false
dependencies = [
    { name = "cli", requirement = "(>= 2.3.0)" },
    "glue",
    "lifecycle",
    { name = "rlang", requirement = "(>= 1.0.2)" },
    { name = "utf8", requirement = "(>= 1.1.0)" },
    { name = "vctrs", requirement = "(>= 0.5.0)" },
]

[[packages]]
name = "pkgbuild"
version = "1.4.8"
source = { repository = "https://packagemanager.posit.co/cran/latest" }
force_source = false
dependencies = [
    { name = "callr", requirement = "(>= 3.2.0)" },
    { name = "cli", requirement = "(>= 3.4.0)" },
    "desc",
    "processx",
    "R6",
]

[[packages]]
name = "pkgconfig"
version = "2.0.3"
source = { repository = "https://packagemanager.posit.co/cran/latest" }
force_source = false
dependencies = []

[[packages]]
name = "pkgdown"
version = "2.2.1"
source = { repository = "https://packagemanager.posit.co/cran/latest" }
force_source = false
dependencies = [
    { name = "bslib", requirement = "(>= 0.5.1)" },
    { name = "callr", requirement = "(>= 3.7.3)" },
    { name = "cli", requirement = "(>= 3.6.1)" },
    { name = "desc", requirement = "(>= 1.4.0)" },
    { name = "downlit", requirement = "(>= 0.4.4)" },
    "fontawesome",
    { name = "fs", requirement = "(>= 1.4.0)" },
    { name = "httr2", requirement = "(>= 1.0.2)" },
    "jsonlite",
    "lifecycle",
    "openssl",
    { name = "purrr", requirement = "(>= 1.0.0)" },
    { name = "ragg", requirement = "(>= 1.4.0)" },
    { name = "rlang", requirement = "(>= 1.1.4)" },
    { name = "rmarkdown", requirement = "(>= 2.27)" },
    "tibble",
    "whisker",
    { name = "withr", requirement = "(>= 2.4.3)" },
    { name = "xml2", requirement = "(>= 1.3.1)" },
    { name = "yaml", requirement = "(>= 2.3.9)" },
]

[[packages]]
name = "pkgload"
version = "1.5.3"
source = { repository = "https://packagemanager.posit.co/cran/latest" }
force_source = false
dependencies = [
    { name = "cli", requirement = "(>= 3.3.0)" },
    "desc",
    "fs",
    "glue",
    "lifecycle",
    "pkgbuild",
    "processx",
    { name = "rlang", requirement = "(>= 1.1.1)" },
    "rprojroot",
]

[[packages]]
name = "praise"
version = "1.0.0"
source = { repository = "https://packagemanager.posit.co/cran/latest" }
force_source = false
dependencies = []

[[packages]]
name = "prettyunits"
version = "1.2.0"
source = { repository = "https://packagemanager.posit.co/cran/latest" }
force_source = false
dependencies = []

[[packages]]
name = "processx"
version = "3.9.0"
source = { repository = "https://packagemanager.posit.co/cran/latest" }
force_source = false
dependencies = [
    { name = "ps", requirement = "(>= 1.9.3)" },
    "R6",
]

[[packages]]
name = "profvis"
version = "0.4.0"
source = { repository = "https://packagemanager.posit.co/cran/latest" }
force_source = false
dependencies = [
    { name = "htmlwidgets", requirement = "(>= 0.3.2)" },
    { name = "rlang", requirement = "(>= 1.1.0)" },
    "vctrs",
]

[[packages]]
name = "progressr"
version = "1.0.0"
source = { repository = "https://packagemanager.posit.co/cran/latest" }
force_source = false
dependencies = [
    "digest",
]

[[packages]]
name = "promises"
version = "1.5.0"
source = { repository = "https://packagemanager.posit.co/cran/latest" }
force_source = false
dependencies = [
    { name = "fastmap", requirement = "(>= 1.1.0)" },
    "later",
    "lifecycle",
    { name = "magrittr", requirement = "(>= 1.5)" },
    { name = "otel", requirement = "(>= 0.2.0)" },
    "R6",
    "rlang",
]

[[packages]]
name = "ps"
version = "1.9.3"
source = { repository = "https://packagemanager.posit.co/cran/latest" }
force_source = false
dependencies = []

[[packages]]
name = "purrr"
version = "1.2.2"
source = { repository = "https://packagemanager.posit.co/cran/latest" }
force_source = false
dependencies = [
    { name = "cli", requirement = "(>= 3.6.1)" },
    { name = "lifecycle", requirement = "(>= 1.0.3)" },
    { name = "magrittr", requirement = "(>= 1.5.0)" },
    { name = "rlang", requirement = "(>= 1.1.1)" },
    { name = "vctrs", requirement = "(>= 0.6.3)" },
]

[[packages]]
name = "quantreg"
version = "6.1"
source = { repository = "https://packagemanager.posit.co/cran/latest" }
force_source = false
dependencies = [
    "SparseM",
    "Matrix",
    "MatrixModels",
    "survival",
    "MASS",
]

[[packages]]
name = "ragg"
version = "1.5.2"
source = { repository = "https://packagemanager.posit.co/cran/latest" }
force_source = false
dependencies = [
    { name = "systemfonts", requirement = "(>= 1.0.3)" },
    { name = "textshaping", requirement = "(>= 0.3.0)" },
]

[[packages]]
name = "rappdirs"
version = "0.3.4"
source = { repository = "https://packagemanager.posit.co/cran/latest" }
force_source = false
dependencies = []

[[packages]]
name = "rcmdcheck"
version = "1.4.0"
source = { repository = "https://packagemanager.posit.co/cran/latest" }
force_source = false
dependencies = [
    { name = "callr", requirement = "(>= 3.1.1.9000)" },
    { name = "cli", requirement = "(>= 3.0.0)" },
    "curl",
    { name = "desc", requirement = "(>= 1.2.0)" },
    "digest",
    "pkgbuild",
    "prettyunits",
    "R6",
    "rprojroot",
    { name = "sessioninfo", requirement = "(>= 1.1.1)" },
    "withr",
    "xopen",
]

[[packages]]
name = "rdtools"
version = "0.1.0"
source = { repository = "https://packagemanager.posit.co/cran/latest" }
force_source = false
dependencies = []

[[packages]]
name = "rex"
version = "1.2.2"
source = { repository = "https://packagemanager.posit.co/cran/latest" }
force_source = false
dependencies = [
    "withr",
]

[[packages]]
name = "rlang"
version = "1.3.0"
source = { repository = "https://packagemanager.posit.co/cran/latest" }
force_source = false
dependencies = []

[[packages]]
name = "rmarkdown"
version = "2.32"
source = { repository = "https://packagemanager.posit.co/cran/latest" }
force_source = false
dependencies = [
    { name = "bslib", requirement = "(>= 0.2.5.1)" },
    { name = "evaluate", requirement = "(>= 0.13)" },
    { name = "fontawesome", requirement = "(>= 0.5.0)" },
    { name = "htmltools", requirement = "(>= 0.5.1)" },
    "jquerylib",
    "jsonlite",
    { name = "knitr", requirement = "(>= 1.50)" },
    { name = "tinytex", requirement = "(>= 0.31)" },
    { name = "xfun", requirement = "(>= 0.36)" },
    { name = "yaml", requirement = "(>= 2.1.19)" },
]

[[packages]]
name = "roxygen2"
version = "8.1.0"
source = { repository = "https://packagemanager.posit.co/cran/latest" }
force_source = false
dependencies = [
    "brew",
    { name = "cli", requirement = "(>= 3.3.0)" },
    "commonmark",
    { name = "desc", requirement = "(>= 1.2.0)" },
    "knitr",
    "lifecycle",
    { name = "pkgload", requirement = "(>= 1.5.2)" },
    { name = "R6", requirement = "(>= 2.1.2)" },
    { name = "rdtools", requirement = "(>= 0.1.0)" },
    { name = "rlang", requirement = "(>= 1.1.0)" },
    "withr",
    "xml2",
    "cpp11",
]

[[packages]]
name = "rprojroot"
version = "2.1.1"
source = { repository = "https://packagemanager.posit.co/cran/latest" }
force_source = false
dependencies = []

[[packages]]
name = "rstudioapi"
version = "0.19.0"
source = { repository = "https://packagemanager.posit.co/cran/latest" }
force_source = false
dependencies = []

[[packages]]
name = "rversions"
version = "3.0.0"
source = { repository = "https://packagemanager.posit.co/cran/latest" }
force_source = false
dependencies = [
    "curl",
]

[[packages]]
name = "sass"
version = "0.4.10"
source = { repository = "https://packagemanager.posit.co/cran/latest" }
force_source = false
dependencies = [
    { name = "fs", requirement = "(>= 1.2.4)" },
    { name = "rlang", requirement = "(>= 0.4.10)" },
    { name = "htmltools", requirement = "(>= 0.5.1)" },
    "R6",
    "rappdirs",
]

[[packages]]
name = "scales"
version = "1.4.0"
source = { repository = "https://packagemanager.posit.co/cran/latest" }
force_source = false
dependencies = [
    "cli",
    { name = "farver", requirement = "(>= 2.0.3)" },
    "glue",
    "labeling",
    "lifecycle",
    "R6",
    "RColorBrewer",
    { name = "rlang", requirement = "(>= 1.1.0)" },
    "viridisLite",
]

[[packages]]
name = "sessioninfo"
version = "1.2.4"
source = { repository = "https://packagemanager.posit.co/cran/latest" }
force_source = false
dependencies = [
    { name = "cli", requirement = "(>= 3.1.0)" },
]

[[packages]]
name = "shiny"
version = "1.14.0"
source = { repository = "https://packagemanager.posit.co/cran/latest" }
force_source = false
dependencies = [
    { name = "bslib", requirement = "(>= 0.6.0)" },
    { name = "cachem", requirement = "(>= 1.1.0)" },
    "cli",
    { name = "commonmark", requirement = "(>= 2.0.0)" },
    { name = "fastmap", requirement = "(>= 1.1.1)" },
    { name = "fontawesome", requirement = "(>= 0.4.0)" },
    { name = "glue", requirement = "(>= 1.3.2)" },
    { name = "htmltools", requirement = "(>= 0.5.4)" },
    { name = "httpuv", requirement = "(>= 1.5.2)" },
    { name = "jsonlite", requirement = "(>= 0.9.16)" },
    { name = "later", requirement = "(>= 1.0.0)" },
    { name = "lifecycle", requirement = "(>= 0.2.0)" },
    { name = "mime", requirement = "(>= 0.3)" },
    "otel",
    { name = "promises", requirement = "(>= 1.5.0)" },
    { name = "R6", requirement = "(>= 2.0)" },
    { name = "rlang", requirement = "(>= 0.4.10)" },
    "sourcetools",
    "withr",
    "xtable",
]

[[packages]]
name = "sourcetools"
version = "0.1.7-2"
source = { repository = "https://packagemanager.posit.co/cran/latest" }
force_source = false
dependencies = []

[[packages]]
name = "spelling"
version = "2.3.2"
source = { repository = "https://packagemanager.posit.co/cran/latest" }
force_source = false
dependencies = [
    "commonmark",
    "xml2",
    { name = "hunspell", requirement = "(>= 3.0)" },
    "knitr",
]

[[packages]]
name = "stringi"
version = "1.8.9"
source = { repository = "https://packagemanager.posit.co/cran/latest" }
force_source = false
dependencies = []

[[packages]]
name = "stringr"
version = "1.6.0"
source = { repository = "https://packagemanager.posit.co/cran/latest" }
force_source = false
dependencies = [
    "cli",
    { name = "glue", requirement = "(>= 1.6.1)" },
    { name = "lifecycle", requirement = "(>= 1.0.3)" },
    "magrittr",
    { name = "rlang", requirement = "(>= 1.0.0)" },
    { name = "stringi", requirement = "(>= 1.5.3)" },
    { name = "vctrs", requirement = "(>= 0.4.0)" },
]

[[packages]]
name = "survival"
version = "3.8-6"
source = { builtin = true }
force_source = false
dependencies = [
    "Matrix",
]

[[packages]]
name = "sys"
version = "3.4.3"
source = { repository = "https://packagemanager.posit.co/cran/latest" }
force_source = false
dependencies = []

[[packages]]
name = "systemfonts"
version = "1.3.2"
source = { repository = "https://packagemanager.posit.co/cran/latest" }
force_source = false
dependencies = [
    "base64enc",
    "jsonlite",
    "lifecycle",
    { name = "cpp11", requirement = "(>= 0.2.1)" },
]

[[packages]]
name = "testthat"
version = "3.3.2"
source = { repository = "https://packagemanager.posit.co/cran/latest" }
force_source = false
dependencies = [
    { name = "brio", requirement = "(>= 1.1.5)" },
    { name = "callr", requirement = "(>= 3.7.6)" },
    { name = "cli", requirement = "(>= 3.6.5)" },
    { name = "desc", requirement = "(>= 1.4.3)" },
    { name = "evaluate", requirement = "(>= 1.0.4)" },
    { name = "jsonlite", requirement = "(>= 2.0.0)" },
    { name = "lifecycle", requirement = "(>= 1.0.4)" },
    { name = "magrittr", requirement = "(>= 2.0.3)" },
    { name = "pkgload", requirement = "(>= 1.4.0)" },
    { name = "praise", requirement = "(>= 1.0.0)" },
    { name = "processx", requirement = "(>= 3.8.6)" },
    { name = "ps", requirement = "(>= 1.9.1)" },
    { name = "R6", requirement = "(>= 2.6.1)" },
    { name = "rlang", requirement = "(>= 1.1.6)" },
    { name = "waldo", requirement = "(>= 0.6.2)" },
    { name = "withr", requirement = "(>= 3.0.2)" },
]

[[packages]]
name = "textshaping"
version = "1.0.5"
source = { repository = "https://packagemanager.posit.co/cran/latest" }
force_source = false
dependencies = [
    "lifecycle",
    "stringi",
    { name = "systemfonts", requirement = "(>= 1.3.0)" },
    { name = "cpp11", requirement = "(>= 0.2.1)" },
]

[[packages]]
name = "tibble"
version = "3.3.1"
source = { repository = "https://packagemanager.posit.co/cran/latest" }
force_source = false
dependencies = [
    "cli",
    { name = "lifecycle", requirement = "(>= 1.0.0)" },
    "magrittr",
    { name = "pillar", requirement = "(>= 1.8.1)" },
    "pkgconfig",
    { name = "rlang", requirement = "(>= 1.0.2)" },
    { name = "vctrs", requirement = "(>= 0.5.0)" },
]

[[packages]]
name = "tidyr"
version = "1.3.2"
source = { repository = "https://packagemanager.posit.co/cran/latest" }
force_source = false
dependencies = [
    { name = "cli", requirement = "(>= 3.4.1)" },
    { name = "dplyr", requirement = "(>= 1.1.0)" },
    "glue",
    { name = "lifecycle", requirement = "(>= 1.0.3)" },
    "magrittr",
    { name = "purrr", requirement = "(>= 1.0.1)" },
    { name = "rlang", requirement = "(>= 1.1.1)" },
    { name = "stringr", requirement = "(>= 1.5.0)" },
    { name = "tibble", requirement = "(>= 2.1.1)" },
    { name = "tidyselect", requirement = "(>= 1.2.1)" },
    { name = "vctrs", requirement = "(>= 0.5.2)" },
    { name = "cpp11", requirement = "(>= 0.4.0)" },
]

[[packages]]
name = "tidyselect"
version = "1.2.1"
source = { repository = "https://packagemanager.posit.co/cran/latest" }
force_source = false
dependencies = [
    { name = "cli", requirement = "(>= 3.3.0)" },
    { name = "glue", requirement = "(>= 1.3.0)" },
    { name = "lifecycle", requirement = "(>= 1.0.3)" },
    { name = "rlang", requirement = "(>= 1.0.4)" },
    { name = "vctrs", requirement = "(>= 0.5.2)" },
    "withr",
]

[[packages]]
name = "timechange"
version = "0.4.0"
source = { repository = "https://packagemanager.posit.co/cran/latest" }
force_source = false
dependencies = [
    { name = "cpp11", requirement = "(>= 0.2.7)" },
]

[[packages]]
name = "tinytex"
version = "0.61"
source = { repository = "https://packagemanager.posit.co/cran/latest" }
force_source = false
dependencies = [
    { name = "xfun", requirement = "(>= 0.48)" },
]

[[packages]]
name = "urlchecker"
version = "2.0.0"
source = { repository = "https://packagemanager.posit.co/cran/latest" }
force_source = false
dependencies = [
    "cli",
    "curl",
    "gitcreds",
    { name = "rlang", requirement = "(>= 1.1.0)" },
    "xml2",
]

[[packages]]
name = "usethis"
version = "3.2.2"
source = { repository = "https://packagemanager.posit.co/cran/latest" }
force_source = false
dependencies = [
    { name = "cli", requirement = "(>= 3.0.1)" },
    { name = "clipr", requirement = "(>= 0.3.0)" },
    "crayon",
    { name = "curl", requirement = "(>= 2.7)" },
    { name = "desc", requirement = "(>= 1.4.2)" },
    { name = "fs", requirement = "(>= 1.3.0)" },
    { name = "gert", requirement = "(>= 1.4.1)" },
    { name = "gh", requirement = "(>= 1.6.0)" },
    { name = "glue", requirement = "(>= 1.3.0)" },
    "jsonlite",
    { name = "lifecycle", requirement = "(>= 1.0.0)" },
    "pak",
    "purrr",
    "rappdirs",
    { name = "rlang", requirement = "(>= 1.1.0)" },
    { name = "rprojroot", requirement = "(>= 2.1.1)" },
    "rstudioapi",
    "whisker",
    { name = "withr", requirement = "(>= 2.3.0)" },
    "yaml",
]

[[packages]]
name = "utf8"
version = "1.2.6"
source = { repository = "https://packagemanager.posit.co/cran/latest" }
force_source = false
dependencies = []

[[packages]]
name = "vctrs"
version = "0.7.3"
source = { repository = "https://packagemanager.posit.co/cran/latest" }
force_source = false
dependencies = [
    { name = "cli", requirement = "(>= 3.4.0)" },
    "glue",
    { name = "lifecycle", requirement = "(>= 1.0.3)" },
    { name = "rlang", requirement = "(>= 1.1.7)" },
]

[[packages]]
name = "viridisLite"
version = "0.4.3"
source = { repository = "https://packagemanager.posit.co/cran/latest" }
force_source = false
dependencies = []

[[packages]]
name = "waldo"
version = "0.6.2"
source = { repository = "https://packagemanager.posit.co/cran/latest" }
force_source = false
dependencies = [
    "cli",
    { name = "diffobj", requirement = "(>= 0.3.4)" },
    "glue",
    { name = "rlang", requirement = "(>= 1.1.0)" },
]

[[packages]]
name = "whisker"
version = "0.4.1"
source = { repository = "https://packagemanager.posit.co/cran/latest" }
force_source = false
dependencies = []

[[packages]]
name = "withr"
version = "3.0.3"
source = { repository = "https://packagemanager.posit.co/cran/latest" }
force_source = false
dependencies = []

[[packages]]
name = "xfun"
version = "0.61"
source = { repository = "https://packagemanager.posit.co/cran/latest" }
force_source = false
dependencies = []

[[packages]]
name = "xml2"
version = "1.6.0"
source = { repository = "https://packagemanager.posit.co/cran/latest" }
force_source = false
dependencies = [
    "cli",
    { name = "rlang", requirement = "(>= 1.1.0)" },
]

[[packages]]
name = "xopen"
version = "1.0.1"
source = { repository = "https://packagemanager.posit.co/cran/latest" }
force_source = false
dependencies = [
    "processx",
]

[[packages]]
name = "xtable"
version = "1.8-8"
source = { repository = "https://packagemanager.posit.co/cran/latest" }
force_source = false
dependencies = []

[[packages]]
name = "yaml"
version = "2.3.12"
source = { repository = "https://packagemanager.posit.co/cran/latest" }
force_source = false
dependencies = []

[[packages]]
name = "zip"
version = "3.0.2"
source = { repository = "https://packagemanager.posit.co/cran/latest" }
force_source = false
dependencies = [
    "cli",
]
